
Microsoft Visual Studio Solution File, Format Version 12.00
# Visual Studio Express 2013 for Windows Desktop
VisualStudioVersion = 12.0.30723.0
MinimumVisualStudioVersion = 10.0.40219.1
Project("{FAE04EC0-301F-11D3-BF4B-00C04F79EFBC}") = "SavyChatTry2Client", "SavyChatTry2\SavyChatTry2Client.csproj", "{B6739F87-46C5-48A9-8B1C-AEE66556654A}"
EndProject
Project("{FAE04EC0-301F-11D3-BF4B-00C04F79EFBC}") = "SavyChatTry2Server", "SavyChatTry2Server\SavyChatTry2Server.csproj", "{40E2E060-22AC-44EF-A0CB-9E88155B261F}"
EndProject
Project("{FAE04EC0-301F-11D3-BF4B-00C04F79EFBC}") = "SavyChatTry2Shared", "SavyChatTry2Shared\SavyChatTry2Shared.csproj", "{B30C65A7-2B54-485F-ABBC-50F6E4E3A959}"
EndProject
Global
	GlobalSection(SolutionConfigurationPlatforms) = preSolution
		Debug|Any CPU = Debug|Any CPU
		Release|Any CPU = Release|Any CPU
	EndGlobalSection
	GlobalSection(ProjectConfigurationPlatforms) = postSolution
		{B6739F87-46C5-48A9-8B1C-AEE66556654A}.Debug|Any CPU.ActiveCfg = Debug|Any CPU
		{B6739F87-46C5-48A9-8B1C-AEE66556654A}.Debug|Any CPU.Build.0 = Debug|Any CPU
		{B6739F87-46C5-48A9-8B1C-AEE66556654A}.Release|Any CPU.ActiveCfg = Release|Any CPU
		{B6739F87-46C5-48A9-8B1C-AEE66556654A}.Release|Any CPU.Build.0 = Release|Any CPU
		{40E2E060-22AC-44EF-A0CB-9E88155B261F}.Debug|Any CPU.ActiveCfg = Debug|Any CPU
		{40E2E060-22AC-44EF-A0CB-9E88155B261F}.Debug|Any CPU.Build.0 = Debug|Any CPU
		{40E2E060-22AC-44EF-A0CB-9E88155B261F}.Release|Any CPU.ActiveCfg = Release|Any CPU
		{40E2E060-22AC-44EF-A0CB-9E88155B261F}.Release|Any CPU.Build.0 = Release|Any CPU
		{B30C65A7-2B54-485F-ABBC-50F6E4E3A959}.Debug|Any CPU.ActiveCfg = Debug|Any CPU
		{B30C65A7-2B54-485F-ABBC-50F6E4E3A959}.Debug|Any CPU.Build.0 = Debug|Any CPU
		{B30C65A7-2B54-485F-ABBC-50F6E4E3A959}.Release|Any CPU.ActiveCfg = Release|Any CPU
		{B30C65A7-2B54-485F-ABBC-50F6E4E3A959}.Release|Any CPU.Build.0 = Release|Any CPU
	EndGlobalSection
	GlobalSection(SolutionProperties) = preSolution
		HideSolutionNode = FALSE
	EndGlobalSection
EndGlobal
